
Microsoft Visual Studio Solution File, Format Version 12.00
# Visual Studio Version 17
VisualStudioVersion = 17.12.35707.178
MinimumVisualStudioVersion = 10.0.40219.1
Project("{FAE04EC0-301F-11D3-BF4B-00C04F79EFBC}") = "PandaCubeTimer", "PandaCubeTimer\PandaCubeTimer.csproj", "{27055543-F8E8-4432-A8A2-807DE4604FBD}"
EndProject
Project("{FAE04EC0-301F-11D3-BF4B-00C04F79EFBC}") = "TNoodleMaui", "TNoodleMaui\TNoodleMaui.csproj", "{FB55ABD3-FFDB-E08A-32CA-518C271A865D}"
EndProject
Global
	GlobalSection(SolutionConfigurationPlatforms) = preSolution
		Debug|Any CPU = Debug|Any CPU
		Release|Any CPU = Release|Any CPU
	EndGlobalSection
	GlobalSection(ProjectConfigurationPlatforms) = postSolution
		{27055543-F8E8-4432-A8A2-807DE4604FBD}.Debug|Any CPU.ActiveCfg = Debug|Any CPU
		{27055543-F8E8-4432-A8A2-807DE4604FBD}.Debug|Any CPU.Build.0 = Debug|Any CPU
		{27055543-F8E8-4432-A8A2-807DE4604FBD}.Debug|Any CPU.Deploy.0 = Debug|Any CPU
		{27055543-F8E8-4432-A8A2-807DE4604FBD}.Release|Any CPU.ActiveCfg = Release|Any CPU
		{27055543-F8E8-4432-A8A2-807DE4604FBD}.Release|Any CPU.Build.0 = Release|Any CPU
		{FB55ABD3-FFDB-E08A-32CA-518C271A865D}.Debug|Any CPU.ActiveCfg = Debug|Any CPU
		{FB55ABD3-FFDB-E08A-32CA-518C271A865D}.Debug|Any CPU.Build.0 = Debug|Any CPU
		{FB55ABD3-FFDB-E08A-32CA-518C271A865D}.Release|Any CPU.ActiveCfg = Release|Any CPU
		{FB55ABD3-FFDB-E08A-32CA-518C271A865D}.Release|Any CPU.Build.0 = Release|Any CPU
	EndGlobalSection
	GlobalSection(SolutionProperties) = preSolution
		HideSolutionNode = FALSE
	EndGlobalSection
	GlobalSection(ExtensibilityGlobals) = postSolution
		SolutionGuid = {5F1A9DE6-AAD3-4CD4-A066-CEDABB142255}
	EndGlobalSection
EndGlobal
